// !$*UTF8*$!
{
	archiveVersion = 1;
	classes = {
	};
	objectVersion = 56;
	objects = {

/* Begin PBXBuildFile section */
		AA972751296D582600FCD5B1 /* AppDelegate.swift in Sources */ = {isa = PBXBuildFile; fileRef = AA972750296D582600FCD5B1 /* AppDelegate.swift */; };
		AA972753296D582600FCD5B1 /* SceneDelegate.swift in Sources */ = {isa = PBXBuildFile; fileRef = AA972752296D582600FCD5B1 /* SceneDelegate.swift */; };
		AA972755296D582600FCD5B1 /* MainController.swift in Sources */ = {isa = PBXBuildFile; fileRef = AA972754296D582600FCD5B1 /* MainController.swift */; };
		AA972758296D582600FCD5B1 /* Main.storyboard in Resources */ = {isa = PBXBuildFile; fileRef = AA972756296D582600FCD5B1 /* Main.storyboard */; };
		AA97275A296D582900FCD5B1 /* Assets.xcassets in Resources */ = {isa = PBXBuildFile; fileRef = AA972759296D582900FCD5B1 /* Assets.xcassets */; };
		AA97275D296D582900FCD5B1 /* LaunchScreen.storyboard in Resources */ = {isa = PBXBuildFile; fileRef = AA97275B296D582900FCD5B1 /* LaunchScreen.storyboard */; };
		AA972781296D59D200FCD5B1 /* Coordinator.swift in Sources */ = {isa = PBXBuildFile; fileRef = AA972780296D59D200FCD5B1 /* Coordinator.swift */; };
		AA972783296D5A7900FCD5B1 /* MainCoordinator.swift in Sources */ = {isa = PBXBuildFile; fileRef = AA972782296D5A7900FCD5B1 /* MainCoordinator.swift */; };
		AA972785296D5C1E00FCD5B1 /* Storyboarded.swift in Sources */ = {isa = PBXBuildFile; fileRef = AA972784296D5C1E00FCD5B1 /* Storyboarded.swift */; };
		AA972787296D7AE500FCD5B1 /* BVC.swift in Sources */ = {isa = PBXBuildFile; fileRef = AA972786296D7AE500FCD5B1 /* BVC.swift */; };
		AA972789296D7AEF00FCD5B1 /* CVC.swift in Sources */ = {isa = PBXBuildFile; fileRef = AA972788296D7AEF00FCD5B1 /* CVC.swift */; };
/* End PBXBuildFile section */

/* Begin PBXContainerItemProxy section */
		AA972764296D582900FCD5B1 /* PBXContainerItemProxy */ = {
			isa = PBXContainerItemProxy;
			containerPortal = AA972745296D582600FCD5B1 /* Project object */;
			proxyType = 1;
			remoteGlobalIDString = AA97274C296D582600FCD5B1;
			remoteInfo = 1.CoordinatorPattern;
		};
		AA97276E296D582A00FCD5B1 /* PBXContainerItemProxy */ = {
			isa = PBXContainerItemProxy;
			containerPortal = AA972745296D582600FCD5B1 /* Project object */;
			proxyType = 1;
			remoteGlobalIDString = AA97274C296D582600FCD5B1;
			remoteInfo = 1.CoordinatorPattern;
		};
/* End PBXContainerItemProxy section */

/* Begin PBXFileReference section */
		AA97274D296D582600FCD5B1 /* 1.CoordinatorPattern.app */ = {isa = PBXFileReference; explicitFileType = wrapper.application; includeInIndex = 0; path = 1.CoordinatorPattern.app; sourceTree = BUILT_PRODUCTS_DIR; };
		AA972750296D582600FCD5B1 /* AppDelegate.swift */ = {isa = PBXFileReference; lastKnownFileType = sourcecode.swift; path = AppDelegate.swift; sourceTree = "<group>"; };
		AA972752296D582600FCD5B1 /* SceneDelegate.swift */ = {isa = PBXFileReference; lastKnownFileType = sourcecode.swift; path = SceneDelegate.swift; sourceTree = "<group>"; };
		AA972754296D582600FCD5B1 /* MainController.swift */ = {isa = PBXFileReference; lastKnownFileType = sourcecode.swift; path = MainController.swift; sourceTree = "<group>"; };
		AA972757296D582600FCD5B1 /* Base */ = {isa = PBXFileReference; lastKnownFileType = file.storyboard; name = Base; path = Base.lproj/Main.storyboard; sourceTree = "<group>"; };
		AA972759296D582900FCD5B1 /* Assets.xcassets */ = {isa = PBXFileReference; lastKnownFileType = folder.assetcatalog; path = Assets.xcassets; sourceTree = "<group>"; };
		AA97275C296D582900FCD5B1 /* Base */ = {isa = PBXFileReference; lastKnownFileType = file.storyboard; name = Base; path = Base.lproj/LaunchScreen.storyboard; sourceTree = "<group>"; };
		AA97275E296D582900FCD5B1 /* Info.plist */ = {isa = PBXFileReference; lastKnownFileType = text.plist.xml; path = Info.plist; sourceTree = "<group>"; };
		AA972763296D582900FCD5B1 /* 1.CoordinatorPatternTests.xctest */ = {isa = PBXFileReference; explicitFileType = wrapper.cfbundle; includeInIndex = 0; path = 1.CoordinatorPatternTests.xctest; sourceTree = BUILT_PRODUCTS_DIR; };
		AA97276D296D582A00FCD5B1 /* 1.CoordinatorPatternUITests.xctest */ = {isa = PBXFileReference; explicitFileType = wrapper.cfbundle; includeInIndex = 0; path = 1.CoordinatorPatternUITests.xctest; sourceTree = BUILT_PRODUCTS_DIR; };
		AA972780296D59D200FCD5B1 /* Coordinator.swift */ = {isa = PBXFileReference; lastKnownFileType = sourcecode.swift; path = Coordinator.swift; sourceTree = "<group>"; };
		AA972782296D5A7900FCD5B1 /* MainCoordinator.swift */ = {isa = PBXFileReference; lastKnownFileType = sourcecode.swift; path = MainCoordinator.swift; sourceTree = "<group>"; };
		AA972784296D5C1E00FCD5B1 /* Storyboarded.swift */ = {isa = PBXFileReference; lastKnownFileType = sourcecode.swift; path = Storyboarded.swift; sourceTree = "<group>"; };
		AA972786296D7AE500FCD5B1 /* BVC.swift */ = {isa = PBXFileReference; lastKnownFileType = sourcecode.swift; path = BVC.swift; sourceTree = "<group>"; };
		AA972788296D7AEF00FCD5B1 /* CVC.swift */ = {isa = PBXFileReference; lastKnownFileType = sourcecode.swift; path = CVC.swift; sourceTree = "<group>"; };
/* End PBXFileReference section */

/* Begin PBXFrameworksBuildPhase section */
		AA97274A296D582600FCD5B1 /* Frameworks */ = {
			isa = PBXFrameworksBuildPhase;
			buildActionMask = 2147483647;
			files = (
			);
			runOnlyForDeploymentPostprocessing = 0;
		};
		AA972760296D582900FCD5B1 /* Frameworks */ = {
			isa = PBXFrameworksBuildPhase;
			buildActionMask = 2147483647;
			files = (
			);
			runOnlyForDeploymentPostprocessing = 0;
		};
		AA97276A296D582A00FCD5B1 /* Frameworks */ = {
			isa = PBXFrameworksBuildPhase;
			buildActionMask = 2147483647;
			files = (
			);
			runOnlyForDeploymentPostprocessing = 0;
		};
/* End PBXFrameworksBuildPhase section */

/* Begin PBXGroup section */
		AA972744296D582600FCD5B1 = {
			isa = PBXGroup;
			children = (
				AA97274F296D582600FCD5B1 /* 1.CoordinatorPattern */,
				AA97274E296D582600FCD5B1 /* Products */,
			);
			sourceTree = "<group>";
		};
		AA97274E296D582600FCD5B1 /* Products */ = {
			isa = PBXGroup;
			children = (
				AA97274D296D582600FCD5B1 /* 1.CoordinatorPattern.app */,
				AA972763296D582900FCD5B1 /* 1.CoordinatorPatternTests.xctest */,
				AA97276D296D582A00FCD5B1 /* 1.CoordinatorPatternUITests.xctest */,
			);
			name = Products;
			sourceTree = "<group>";
		};
		AA97274F296D582600FCD5B1 /* 1.CoordinatorPattern */ = {
			isa = PBXGroup;
			children = (
				AA972750296D582600FCD5B1 /* AppDelegate.swift */,
				AA972752296D582600FCD5B1 /* SceneDelegate.swift */,
				AA972754296D582600FCD5B1 /* MainController.swift */,
				AA972756296D582600FCD5B1 /* Main.storyboard */,
				AA972759296D582900FCD5B1 /* Assets.xcassets */,
				AA97275B296D582900FCD5B1 /* LaunchScreen.storyboard */,
				AA97275E296D582900FCD5B1 /* Info.plist */,
				AA972780296D59D200FCD5B1 /* Coordinator.swift */,
				AA972782296D5A7900FCD5B1 /* MainCoordinator.swift */,
				AA972784296D5C1E00FCD5B1 /* Storyboarded.swift */,
				AA972786296D7AE500FCD5B1 /* BVC.swift */,
				AA972788296D7AEF00FCD5B1 /* CVC.swift */,
			);
			path = 1.CoordinatorPattern;
			sourceTree = "<group>";
		};
/* End PBXGroup section */

/* Begin PBXNativeTarget section */
		AA97274C296D582600FCD5B1 /* 1.CoordinatorPattern */ = {
			isa = PBXNativeTarget;
			buildConfigurationList = AA972777296D582A00FCD5B1 /* Build configuration list for PBXNativeTarget "1.CoordinatorPattern" */;
			buildPhases = (
				AA972749296D582600FCD5B1 /* Sources */,
				AA97274A296D582600FCD5B1 /* Frameworks */,
				AA97274B296D582600FCD5B1 /* Resources */,
			);
			buildRules = (
			);
			dependencies = (
			);
			name = 1.CoordinatorPattern;
			productName = 1.CoordinatorPattern;
			productReference = AA97274D296D582600FCD5B1 /* 1.CoordinatorPattern.app */;
			productType = "com.apple.product-type.application";
		};
		AA972762296D582900FCD5B1 /* 1.CoordinatorPatternTests */ = {
			isa = PBXNativeTarget;
			buildConfigurationList = AA97277A296D582A00FCD5B1 /* Build configuration list for PBXNativeTarget "1.CoordinatorPatternTests" */;
			buildPhases = (
				AA97275F296D582900FCD5B1 /* Sources */,
				AA972760296D582900FCD5B1 /* Frameworks */,
				AA972761296D582900FCD5B1 /* Resources */,
			);
			buildRules = (
			);
			dependencies = (
				AA972765296D582900FCD5B1 /* PBXTargetDependency */,
			);
			name = 1.CoordinatorPatternTests;
			productName = 1.CoordinatorPatternTests;
			productReference = AA972763296D582900FCD5B1 /* 1.CoordinatorPatternTests.xctest */;
			productType = "com.apple.product-type.bundle.unit-test";
		};
		AA97276C296D582A00FCD5B1 /* 1.CoordinatorPatternUITests */ = {
			isa = PBXNativeTarget;
			buildConfigurationList = AA97277D296D582A00FCD5B1 /* Build configuration list for PBXNativeTarget "1.CoordinatorPatternUITests" */;
			buildPhases = (
				AA972769296D582A00FCD5B1 /* Sources */,
				AA97276A296D582A00FCD5B1 /* Frameworks */,
				AA97276B296D582A00FCD5B1 /* Resources */,
			);
			buildRules = (
			);
			dependencies = (
				AA97276F296D582A00FCD5B1 /* PBXTargetDependency */,
			);
			name = 1.CoordinatorPatternUITests;
			productName = 1.CoordinatorPatternUITests;
			productReference = AA97276D296D582A00FCD5B1 /* 1.CoordinatorPatternUITests.xctest */;
			productType = "com.apple.product-type.bundle.ui-testing";
		};
/* End PBXNativeTarget section */

/* Begin PBXProject section */
		AA972745296D582600FCD5B1 /* Project object */ = {
			isa = PBXProject;
			attributes = {
				BuildIndependentTargetsInParallel = 1;
				LastSwiftUpdateCheck = 1420;
				LastUpgradeCheck = 1420;
				TargetAttributes = {
					AA97274C296D582600FCD5B1 = {
						CreatedOnToolsVersion = 14.2;
					};
					AA972762296D582900FCD5B1 = {
						CreatedOnToolsVersion = 14.2;
						TestTargetID = AA97274C296D582600FCD5B1;
					};
					AA97276C296D582A00FCD5B1 = {
						CreatedOnToolsVersion = 14.2;
						TestTargetID = AA97274C296D582600FCD5B1;
					};
				};
			};
			buildConfigurationList = AA972748296D582600FCD5B1 /* Build configuration list for PBXProject "1.CoordinatorPattern" */;
			compatibilityVersion = "Xcode 14.0";
			developmentRegion = en;
			hasScannedForEncodings = 0;
			knownRegions = (
				en,
				Base,
			);
			mainGroup = AA972744296D582600FCD5B1;
			productRefGroup = AA97274E296D582600FCD5B1 /* Products */;
			projectDirPath = "";
			projectRoot = "";
			targets = (
				AA97274C296D582600FCD5B1 /* 1.CoordinatorPattern */,
				AA972762296D582900FCD5B1 /* 1.CoordinatorPatternTests */,
				AA97276C296D582A00FCD5B1 /* 1.CoordinatorPatternUITests */,
			);
		};
/* End PBXProject section */

/* Begin PBXResourcesBuildPhase section */
		AA97274B296D582600FCD5B1 /* Resources */ = {
			isa = PBXResourcesBuildPhase;
			buildActionMask = 2147483647;
			files = (
				AA97275D296D582900FCD5B1 /* LaunchScreen.storyboard in Resources */,
				AA97275A296D582900FCD5B1 /* Assets.xcassets in Resources */,
				AA972758296D582600FCD5B1 /* Main.storyboard in Resources */,
			);
			runOnlyForDeploymentPostprocessing = 0;
		};
		AA972761296D582900FCD5B1 /* Resources */ = {
			isa = PBXResourcesBuildPhase;
			buildActionMask = 2147483647;
			files = (
			);
			runOnlyForDeploymentPostprocessing = 0;
		};
		AA97276B296D582A00FCD5B1 /* Resources */ = {
			isa = PBXResourcesBuildPhase;
			buildActionMask = 2147483647;
			files = (
			);
			runOnlyForDeploymentPostprocessing = 0;
		};
/* End PBXResourcesBuildPhase section */

/* Begin PBXSourcesBuildPhase section */
		AA972749296D582600FCD5B1 /* Sources */ = {
			isa = PBXSourcesBuildPhase;
			buildActionMask = 2147483647;
			files = (
				AA972789296D7AEF00FCD5B1 /* CVC.swift in Sources */,
				AA972781296D59D200FCD5B1 /* Coordinator.swift in Sources */,
				AA972755296D582600FCD5B1 /* MainController.swift in Sources */,
				AA972787296D7AE500FCD5B1 /* BVC.swift in Sources */,
				AA972751296D582600FCD5B1 /* AppDelegate.swift in Sources */,
				AA972783296D5A7900FCD5B1 /* MainCoordinator.swift in Sources */,
				AA972753296D582600FCD5B1 /* SceneDelegate.swift in Sources */,
				AA972785296D5C1E00FCD5B1 /* Storyboarded.swift in Sources */,
			);
			runOnlyForDeploymentPostprocessing = 0;
		};
		AA97275F296D582900FCD5B1 /* Sources */ = {
			isa = PBXSourcesBuildPhase;
			buildActionMask = 2147483647;
			files = (
			);
			runOnlyForDeploymentPostprocessing = 0;
		};
		AA972769296D582A00FCD5B1 /* Sources */ = {
			isa = PBXSourcesBuildPhase;
			buildActionMask = 2147483647;
			files = (
			);
			runOnlyForDeploymentPostprocessing = 0;
		};
/* End PBXSourcesBuildPhase section */

/* Begin PBXTargetDependency section */
		AA972765296D582900FCD5B1 /* PBXTargetDependency */ = {
			isa = PBXTargetDependency;
			target = AA97274C296D582600FCD5B1 /* 1.CoordinatorPattern */;
			targetProxy = AA972764296D582900FCD5B1 /* PBXContainerItemProxy */;
		};
		AA97276F296D582A00FCD5B1 /* PBXTargetDependency */ = {
			isa = PBXTargetDependency;
			target = AA97274C296D582600FCD5B1 /* 1.CoordinatorPattern */;
			targetProxy = AA97276E296D582A00FCD5B1 /* PBXContainerItemProxy */;
		};
/* End PBXTargetDependency section */

/* Begin PBXVariantGroup section */
		AA972756296D582600FCD5B1 /* Main.storyboard */ = {
			isa = PBXVariantGroup;
			children = (
				AA972757296D582600FCD5B1 /* Base */,
			);
			name = Main.storyboard;
			sourceTree = "<group>";
		};
		AA97275B296D582900FCD5B1 /* LaunchScreen.storyboard */ = {
			isa = PBXVariantGroup;
			children = (
				AA97275C296D582900FCD5B1 /* Base */,
			);
			name = LaunchScreen.storyboard;
			sourceTree = "<group>";
		};
/* End PBXVariantGroup section */

/* Begin XCBuildConfiguration section */
		AA972775296D582A00FCD5B1 /* Debug */ = {
			isa = XCBuildConfiguration;
			buildSettings = {
				ALWAYS_SEARCH_USER_PATHS = NO;
				CLANG_ANALYZER_NONNULL = YES;
				CLANG_ANALYZER_NUMBER_OBJECT_CONVERSION = YES_AGGRESSIVE;
				CLANG_CXX_LANGUAGE_STANDARD = "gnu++20";
				CLANG_ENABLE_MODULES = YES;
				CLANG_ENABLE_OBJC_ARC = YES;
				CLANG_ENABLE_OBJC_WEAK = YES;
				CLANG_WARN_BLOCK_CAPTURE_AUTORELEASING = YES;
				CLANG_WARN_BOOL_CONVERSION = YES;
				CLANG_WARN_COMMA = YES;
				CLANG_WARN_CONSTANT_CONVERSION = YES;
				CLANG_WARN_DEPRECATED_OBJC_IMPLEMENTATIONS = YES;
				CLANG_WARN_DIRECT_OBJC_ISA_USAGE = YES_ERROR;
				CLANG_WARN_DOCUMENTATION_COMMENTS = YES;
				CLANG_WARN_EMPTY_BODY = YES;
				CLANG_WARN_ENUM_CONVERSION = YES;
				CLANG_WARN_INFINITE_RECURSION = YES;
				CLANG_WARN_INT_CONVERSION = YES;
				CLANG_WARN_NON_LITERAL_NULL_CONVERSION = YES;
				CLANG_WARN_OBJC_IMPLICIT_RETAIN_SELF = YES;
				CLANG_WARN_OBJC_LITERAL_CONVERSION = YES;
				CLANG_WARN_OBJC_ROOT_CLASS = YES_ERROR;
				CLANG_WARN_QUOTED_INCLUDE_IN_FRAMEWORK_HEADER = YES;
				CLANG_WARN_RANGE_LOOP_ANALYSIS = YES;
				CLANG_WARN_STRICT_PROTOTYPES = YES;
				CLANG_WARN_SUSPICIOUS_MOVE = YES;
				CLANG_WARN_UNGUARDED_AVAILABILITY = YES_AGGRESSIVE;
				CLANG_WARN_UNREACHABLE_CODE = YES;
				CLANG_WARN__DUPLICATE_METHOD_MATCH = YES;
				COPY_PHASE_STRIP = NO;
				DEBUG_INFORMATION_FORMAT = dwarf;
				ENABLE_STRICT_OBJC_MSGSEND = YES;
				ENABLE_TESTABILITY = YES;
				GCC_C_LANGUAGE_STANDARD = gnu11;
				GCC_DYNAMIC_NO_PIC = NO;
				GCC_NO_COMMON_BLOCKS = YES;
				GCC_OPTIMIZATION_LEVEL = 0;
				GCC_PREPROCESSOR_DEFINITIONS = (
					"DEBUG=1",
					"$(inherited)",
				);
				GCC_WARN_64_TO_32_BIT_CONVERSION = YES;
				GCC_WARN_ABOUT_RETURN_TYPE = YES_ERROR;
				GCC_WARN_UNDECLARED_SELECTOR = YES;
				GCC_WARN_UNINITIALIZED_AUTOS = YES_AGGRESSIVE;
				GCC_WARN_UNUSED_FUNCTION = YES;
				GCC_WARN_UNUSED_VARIABLE = YES;
				IPHONEOS_DEPLOYMENT_TARGET = 16.2;
				MTL_ENABLE_DEBUG_INFO = INCLUDE_SOURCE;
				MTL_FAST_MATH = YES;
				ONLY_ACTIVE_ARCH = YES;
				SDKROOT = iphoneos;
				SWIFT_ACTIVE_COMPILATION_CONDITIONS = DEBUG;
				SWIFT_OPTIMIZATION_LEVEL = "-Onone";
			};
			name = Debug;
		};
		AA972776296D582A00FCD5B1 /* Release */ = {
			isa = XCBuildConfiguration;
			buildSettings = {
				ALWAYS_SEARCH_USER_PATHS = NO;
				CLANG_ANALYZER_NONNULL = YES;
				CLANG_ANALYZER_NUMBER_OBJECT_CONVERSION = YES_AGGRESSIVE;
				CLANG_CXX_LANGUAGE_STANDARD = "gnu++20";
				CLANG_ENABLE_MODULES = YES;
				CLANG_ENABLE_OBJC_ARC = YES;
				CLANG_ENABLE_OBJC_WEAK = YES;
				CLANG_WARN_BLOCK_CAPTURE_AUTORELEASING = YES;
				CLANG_WARN_BOOL_CONVERSION = YES;
				CLANG_WARN_COMMA = YES;
				CLANG_WARN_CONSTANT_CONVERSION = YES;
				CLANG_WARN_DEPRECATED_OBJC_IMPLEMENTATIONS = YES;
				CLANG_WARN_DIRECT_OBJC_ISA_USAGE = YES_ERROR;
				CLANG_WARN_DOCUMENTATION_COMMENTS = YES;
				CLANG_WARN_EMPTY_BODY = YES;
				CLANG_WARN_ENUM_CONVERSION = YES;
				CLANG_WARN_INFINITE_RECURSION = YES;
				CLANG_WARN_INT_CONVERSION = YES;
				CLANG_WARN_NON_LITERAL_NULL_CONVERSION = YES;
				CLANG_WARN_OBJC_IMPLICIT_RETAIN_SELF = YES;
				CLANG_WARN_OBJC_LITERAL_CONVERSION = YES;
				CLANG_WARN_OBJC_ROOT_CLASS = YES_ERROR;
				CLANG_WARN_QUOTED_INCLUDE_IN_FRAMEWORK_HEADER = YES;
				CLANG_WARN_RANGE_LOOP_ANALYSIS = YES;
				CLANG_WARN_STRICT_PROTOTYPES = YES;
				CLANG_WARN_SUSPICIOUS_MOVE = YES;
				CLANG_WARN_UNGUARDED_AVAILABILITY = YES_AGGRESSIVE;
				CLANG_WARN_UNREACHABLE_CODE = YES;
				CLANG_WARN__DUPLICATE_METHOD_MATCH = YES;
				COPY_PHASE_STRIP = NO;
				DEBUG_INFORMATION_FORMAT = "dwarf-with-dsym";
				ENABLE_NS_ASSERTIONS = NO;
				ENABLE_STRICT_OBJC_MSGSEND = YES;
				GCC_C_LANGUAGE_STANDARD = gnu11;
				GCC_NO_COMMON_BLOCKS = YES;
				GCC_WARN_64_TO_32_BIT_CONVERSION = YES;
				GCC_WARN_ABOUT_RETURN_TYPE = YES_ERROR;
				GCC_WARN_UNDECLARED_SELECTOR = YES;
				GCC_WARN_UNINITIALIZED_AUTOS = YES_AGGRESSIVE;
				GCC_WARN_UNUSED_FUNCTION = YES;
				GCC_WARN_UNUSED_VARIABLE = YES;
				IPHONEOS_DEPLOYMENT_TARGET = 16.2;
				MTL_ENABLE_DEBUG_INFO = NO;
				MTL_FAST_MATH = YES;
				SDKROOT = iphoneos;
				SWIFT_COMPILATION_MODE = wholemodule;
				SWIFT_OPTIMIZATION_LEVEL = "-O";
				VALIDATE_PRODUCT = YES;
			};
			name = Release;
		};
		AA972778296D582A00FCD5B1 /* Debug */ = {
			isa = XCBuildConfiguration;
			buildSettings = {
				ASSETCATALOG_COMPILER_APPICON_NAME = AppIcon;
				ASSETCATALOG_COMPILER_GLOBAL_ACCENT_COLOR_NAME = AccentColor;
				CODE_SIGN_STYLE = Automatic;
				CURRENT_PROJECT_VERSION = 1;
				DEVELOPMENT_TEAM = YW89A2JD7V;
				GENERATE_INFOPLIST_FILE = YES;
				INFOPLIST_FILE = 1.CoordinatorPattern/Info.plist;
				INFOPLIST_KEY_UIApplicationSupportsIndirectInputEvents = YES;
				INFOPLIST_KEY_UILaunchStoryboardName = LaunchScreen;
				INFOPLIST_KEY_UISupportedInterfaceOrientations_iPad = "UIInterfaceOrientationPortrait UIInterfaceOrientationPortraitUpsideDown UIInterfaceOrientationLandscapeLeft UIInterfaceOrientationLandscapeRight";
				INFOPLIST_KEY_UISupportedInterfaceOrientations_iPhone = "UIInterfaceOrientationPortrait UIInterfaceOrientationLandscapeLeft UIInterfaceOrientationLandscapeRight";
				LD_RUNPATH_SEARCH_PATHS = (
					"$(inherited)",
					"@executable_path/Frameworks",
				);
				MARKETING_VERSION = 1.0;
				PRODUCT_BUNDLE_IDENTIFIER = "com.ugurhmz.--CoordinatorPattern";
				PRODUCT_NAME = "$(TARGET_NAME)";
				SWIFT_EMIT_LOC_STRINGS = YES;
				SWIFT_VERSION = 5.0;
				TARGETED_DEVICE_FAMILY = "1,2";
			};
			name = Debug;
		};
		AA972779296D582A00FCD5B1 /* Release */ = {
			isa = XCBuildConfiguration;
			buildSettings = {
				ASSETCATALOG_COMPILER_APPICON_NAME = AppIcon;
				ASSETCATALOG_COMPILER_GLOBAL_ACCENT_COLOR_NAME = AccentColor;
				CODE_SIGN_STYLE = Automatic;
				CURRENT_PROJECT_VERSION = 1;
				DEVELOPMENT_TEAM = YW89A2JD7V;
				GENERATE_INFOPLIST_FILE = YES;
				INFOPLIST_FILE = 1.CoordinatorPattern/Info.plist;
				INFOPLIST_KEY_UIApplicationSupportsIndirectInputEvents = YES;
				INFOPLIST_KEY_UILaunchStoryboardName = LaunchScreen;
				INFOPLIST_KEY_UISupportedInterfaceOrientations_iPad = "UIInterfaceOrientationPortrait UIInterfaceOrientationPortraitUpsideDown UIInterfaceOrientationLandscapeLeft UIInterfaceOrientationLandscapeRight";
				INFOPLIST_KEY_UISupportedInterfaceOrientations_iPhone = "UIInterfaceOrientationPortrait UIInterfaceOrientationLandscapeLeft UIInterfaceOrientationLandscapeRight";
				LD_RUNPATH_SEARCH_PATHS = (
					"$(inherited)",
					"@executable_path/Frameworks",
				);
				MARKETING_VERSION = 1.0;
				PRODUCT_BUNDLE_IDENTIFIER = "com.ugurhmz.--CoordinatorPattern";
				PRODUCT_NAME = "$(TARGET_NAME)";
				SWIFT_EMIT_LOC_STRINGS = YES;
				SWIFT_VERSION = 5.0;
				TARGETED_DEVICE_FAMILY = "1,2";
			};
			name = Release;
		};
		AA97277B296D582A00FCD5B1 /* Debug */ = {
			isa = XCBuildConfiguration;
			buildSettings = {
				ALWAYS_EMBED_SWIFT_STANDARD_LIBRARIES = YES;
				BUNDLE_LOADER = "$(TEST_HOST)";
				CODE_SIGN_STYLE = Automatic;
				CURRENT_PROJECT_VERSION = 1;
				DEVELOPMENT_TEAM = YW89A2JD7V;
				GENERATE_INFOPLIST_FILE = YES;
				IPHONEOS_DEPLOYMENT_TARGET = 16.2;
				MARKETING_VERSION = 1.0;
				PRODUCT_BUNDLE_IDENTIFIER = "com.ugurhmz.--CoordinatorPatternTests";
				PRODUCT_NAME = "$(TARGET_NAME)";
				SWIFT_EMIT_LOC_STRINGS = NO;
				SWIFT_VERSION = 5.0;
				TARGETED_DEVICE_FAMILY = "1,2";
				TEST_HOST = "$(BUILT_PRODUCTS_DIR)/1.CoordinatorPattern.app/$(BUNDLE_EXECUTABLE_FOLDER_PATH)/1.CoordinatorPattern";
			};
			name = Debug;
		};
		AA97277C296D582A00FCD5B1 /* Release */ = {
			isa = XCBuildConfiguration;
			buildSettings = {
				ALWAYS_EMBED_SWIFT_STANDARD_LIBRARIES = YES;
				BUNDLE_LOADER = "$(TEST_HOST)";
				CODE_SIGN_STYLE = Automatic;
				CURRENT_PROJECT_VERSION = 1;
				DEVELOPMENT_TEAM = YW89A2JD7V;
				GENERATE_INFOPLIST_FILE = YES;
				IPHONEOS_DEPLOYMENT_TARGET = 16.2;
				MARKETING_VERSION = 1.0;
				PRODUCT_BUNDLE_IDENTIFIER = "com.ugurhmz.--CoordinatorPatternTests";
				PRODUCT_NAME = "$(TARGET_NAME)";
				SWIFT_EMIT_LOC_STRINGS = NO;
				SWIFT_VERSION = 5.0;
				TARGETED_DEVICE_FAMILY = "1,2";
				TEST_HOST = "$(BUILT_PRODUCTS_DIR)/1.CoordinatorPattern.app/$(BUNDLE_EXECUTABLE_FOLDER_PATH)/1.CoordinatorPattern";
			};
			name = Release;
		};
		AA97277E296D582A00FCD5B1 /* Debug */ = {
			isa = XCBuildConfiguration;
			buildSettings = {
				ALWAYS_EMBED_SWIFT_STANDARD_LIBRARIES = YES;
				CODE_SIGN_STYLE = Automatic;
				CURRENT_PROJECT_VERSION = 1;
				DEVELOPMENT_TEAM = YW89A2JD7V;
				GENERATE_INFOPLIST_FILE = YES;
				MARKETING_VERSION = 1.0;
				PRODUCT_BUNDLE_IDENTIFIER = "com.ugurhmz.--CoordinatorPatternUITests";
				PRODUCT_NAME = "$(TARGET_NAME)";
				SWIFT_EMIT_LOC_STRINGS = NO;
				SWIFT_VERSION = 5.0;
				TARGETED_DEVICE_FAMILY = "1,2";
				TEST_TARGET_NAME = 1.CoordinatorPattern;
			};
			name = Debug;
		};
		AA97277F296D582A00FCD5B1 /* Release */ = {
			isa = XCBuildConfiguration;
			buildSettings = {
				ALWAYS_EMBED_SWIFT_STANDARD_LIBRARIES = YES;
				CODE_SIGN_STYLE = Automatic;
				CURRENT_PROJECT_VERSION = 1;
				DEVELOPMENT_TEAM = YW89A2JD7V;
				GENERATE_INFOPLIST_FILE = YES;
				MARKETING_VERSION = 1.0;
				PRODUCT_BUNDLE_IDENTIFIER = "com.ugurhmz.--CoordinatorPatternUITests";
				PRODUCT_NAME = "$(TARGET_NAME)";
				SWIFT_EMIT_LOC_STRINGS = NO;
				SWIFT_VERSION = 5.0;
				TARGETED_DEVICE_FAMILY = "1,2";
				TEST_TARGET_NAME = 1.CoordinatorPattern;
			};
			name = Release;
		};
/* End XCBuildConfiguration section */

/* Begin XCConfigurationList section */
		AA972748296D582600FCD5B1 /* Build configuration list for PBXProject "1.CoordinatorPattern" */ = {
			isa = XCConfigurationList;
			buildConfigurations = (
				AA972775296D582A00FCD5B1 /* Debug */,
				AA972776296D582A00FCD5B1 /* Release */,
			);
			defaultConfigurationIsVisible = 0;
			defaultConfigurationName = Release;
		};
		AA972777296D582A00FCD5B1 /* Build configuration list for PBXNativeTarget "1.CoordinatorPattern" */ = {
			isa = XCConfigurationList;
			buildConfigurations = (
				AA972778296D582A00FCD5B1 /* Debug */,
				AA972779296D582A00FCD5B1 /* Release */,
			);
			defaultConfigurationIsVisible = 0;
			defaultConfigurationName = Release;
		};
		AA97277A296D582A00FCD5B1 /* Build configuration list for PBXNativeTarget "1.CoordinatorPatternTests" */ = {
			isa = XCConfigurationList;
			buildConfigurations = (
				AA97277B296D582A00FCD5B1 /* Debug */,
				AA97277C296D582A00FCD5B1 /* Release */,
			);
			defaultConfigurationIsVisible = 0;
			defaultConfigurationName = Release;
		};
		AA97277D296D582A00FCD5B1 /* Build configuration list for PBXNativeTarget "1.CoordinatorPatternUITests" */ = {
			isa = XCConfigurationList;
			buildConfigurations = (
				AA97277E296D582A00FCD5B1 /* Debug */,
				AA97277F296D582A00FCD5B1 /* Release */,
			);
			defaultConfigurationIsVisible = 0;
			defaultConfigurationName = Release;
		};
/* End XCConfigurationList section */
	};
	rootObject = AA972745296D582600FCD5B1 /* Project object */;
}
